
Microsoft Visual Studio Solution File, Format Version 12.00
# Visual Studio 15
VisualStudioVersion = 15.0.27130.2027
MinimumVisualStudioVersion = 10.0.40219.1
Project("{2150E333-8FDC-42A3-9474-1A3956D46DE8}") = "src", "src", "{2ED4E13B-F1AB-46B9-9099-742E11C54378}"
EndProject
Project("{2150E333-8FDC-42A3-9474-1A3956D46DE8}") = "Solution Items", "Solution Items", "{4ED43C67-2588-4374-897D-7F04A5CC8E5B}"
	ProjectSection(SolutionItems) = preProject
		.gitignore = .gitignore
		LICENSE = LICENSE
		no-headache-icon.png = no-headache-icon.png
		README.md = README.md
	EndProjectSection
EndProject
Project("{FAE04EC0-301F-11D3-BF4B-00C04F79EFBC}") = "CompanyProxySetter", "CompanyProxySetter\CompanyProxySetter.csproj", "{DB81D707-E10D-4A98-8937-767C613BE02F}"
EndProject
Global
	GlobalSection(SolutionConfigurationPlatforms) = preSolution
		Debug|Any CPU = Debug|Any CPU
		Release|Any CPU = Release|Any CPU
	EndGlobalSection
	GlobalSection(ProjectConfigurationPlatforms) = postSolution
		{DB81D707-E10D-4A98-8937-767C613BE02F}.Debug|Any CPU.ActiveCfg = Debug|Any CPU
		{DB81D707-E10D-4A98-8937-767C613BE02F}.Debug|Any CPU.Build.0 = Debug|Any CPU
		{DB81D707-E10D-4A98-8937-767C613BE02F}.Release|Any CPU.ActiveCfg = Release|Any CPU
		{DB81D707-E10D-4A98-8937-767C613BE02F}.Release|Any CPU.Build.0 = Release|Any CPU
	EndGlobalSection
	GlobalSection(SolutionProperties) = preSolution
		HideSolutionNode = FALSE
	EndGlobalSection
	GlobalSection(NestedProjects) = preSolution
		{DB81D707-E10D-4A98-8937-767C613BE02F} = {2ED4E13B-F1AB-46B9-9099-742E11C54378}
	EndGlobalSection
	GlobalSection(ExtensibilityGlobals) = postSolution
		SolutionGuid = {438044BD-AB19-43D2-B28A-FFF2A42167ED}
	EndGlobalSection
EndGlobal
